{
  "version": 4,
  "terraform_version": "1.7.3",
  "serial": 2178,
  "lineage": "a09444c5-39df-668f-0097-db1bae7f85c1",
  "outputs": {},
  "resources": [
    {
      "mode": "data",
      "type": "template_file",
      "name": "dynamoDBlambdapolicy",
      "provider": "provider[\"registry.terraform.io/hashicorp/template\"]",
      "instances": [
        {
          "schema_version": 0,
          "attributes": {
            "filename": null,
            "id": "c01878504b326396fbae53d99463fda62222140df025ad5cec0506cae611cfb1",
            "rendered": "{\r\n    \"Version\": \"2012-10-17\",\r\n    \"Statement\": [\r\n      {\r\n          \"Effect\": \"Allow\",\r\n          \"Action\": [\r\n            \"logs:CreateLogGroup\",\r\n            \"logs:CreateLogStream\",\r\n            \"logs:DescribeLogGroups\",\r\n            \"logs:DescribeLogStreams\",\r\n            \"logs:PutLogEvents\",\r\n            \"logs:GetLogEvents\",\r\n            \"logs:FilterLogEvents\"\r\n          ],\r\n          \"Resource\": \"arn:aws:logs:*:*:*\"\r\n      },\r\n      {\r\n        \"Effect\": \"Allow\",\r\n        \"Action\": [\r\n            \"dynamodb:DeleteItem\",\r\n            \"dynamodb:GetItem\",\r\n            \"dynamodb:PutItem\",\r\n            \"dynamodb:Scan\",\r\n            \"dynamodb:UpdateItem\"\r\n        ],\r\n          \"Resource\": \"arn:aws:dynamodb:*:*:*\"\r\n      }\r\n    ]\r\n}",
            "template": "{\r\n    \"Version\": \"2012-10-17\",\r\n    \"Statement\": [\r\n      {\r\n          \"Effect\": \"Allow\",\r\n          \"Action\": [\r\n            \"logs:CreateLogGroup\",\r\n            \"logs:CreateLogStream\",\r\n            \"logs:DescribeLogGroups\",\r\n            \"logs:DescribeLogStreams\",\r\n            \"logs:PutLogEvents\",\r\n            \"logs:GetLogEvents\",\r\n            \"logs:FilterLogEvents\"\r\n          ],\r\n          \"Resource\": \"arn:aws:logs:*:*:*\"\r\n      },\r\n      {\r\n        \"Effect\": \"Allow\",\r\n        \"Action\": [\r\n            \"dynamodb:DeleteItem\",\r\n            \"dynamodb:GetItem\",\r\n            \"dynamodb:PutItem\",\r\n            \"dynamodb:Scan\",\r\n            \"dynamodb:UpdateItem\"\r\n        ],\r\n          \"Resource\": \"arn:aws:dynamodb:*:*:*\"\r\n      }\r\n    ]\r\n}",
            "vars": null
          },
          "sensitive_attributes": []
        }
      ]
    },
    {
      "mode": "managed",
      "type": "aws_acm_certificate",
      "name": "sscloudresumeweb",
      "provider": "provider[\"registry.terraform.io/hashicorp/aws\"]",
      "instances": [
        {
          "schema_version": 0,
          "attributes": {
            "arn": "arn:aws:acm:us-east-1:008318140939:certificate/9ef46284-2ccc-4d43-bb5b-87b3225b1f68",
            "certificate_authority_arn": "",
            "certificate_body": null,
            "certificate_chain": null,
            "domain_name": "*.stephanosant.com",
            "domain_validation_options": [
              {
                "domain_name": "*.stephanosant.com",
                "resource_record_name": "_7f93572d8a1790e3cbe495ceefa3c820.stephanosant.com.",
                "resource_record_type": "CNAME",
                "resource_record_value": "_34d4821e8afd12815ae43c870948e61b.mhbtsbpdnt.acm-validations.aws."
              }
            ],
            "early_renewal_duration": "",
            "id": "arn:aws:acm:us-east-1:008318140939:certificate/9ef46284-2ccc-4d43-bb5b-87b3225b1f68",
            "key_algorithm": "RSA_2048",
            "not_after": "",
            "not_before": "",
            "options": [
              {
                "certificate_transparency_logging_preference": "ENABLED"
              }
            ],
            "pending_renewal": false,
            "private_key": null,
            "renewal_eligibility": "INELIGIBLE",
            "renewal_summary": [],
            "status": "PENDING_VALIDATION",
            "subject_alternative_names": [
              "*.stephanosant.com"
            ],
            "tags": {
              "Name": "resume-certificate"
            },
            "tags_all": {
              "Name": "resume-certificate"
            },
            "type": "AMAZON_ISSUED",
            "validation_emails": [],
            "validation_method": "DNS",
            "validation_option": []
          },
          "sensitive_attributes": [],
          "private": "bnVsbA=="
        }
      ]
    },
    {
      "mode": "managed",
      "type": "aws_api_gateway_deployment",
      "name": "visitor_api_deployment",
      "provider": "provider[\"registry.terraform.io/hashicorp/aws\"]",
      "instances": [
        {
          "schema_version": 0,
          "attributes": {
            "created_date": "2024-02-27T20:12:09Z",
            "description": "",
            "execution_arn": "arn:aws:execute-api:us-east-1:008318140939:efxm8ifikg/",
            "id": "3w7bl6",
            "invoke_url": "https://efxm8ifikg.execute-api.us-east-1.amazonaws.com/",
            "rest_api_id": "efxm8ifikg",
            "stage_description": null,
            "stage_name": null,
            "triggers": {
              "redeployment": "8194a199199d56aea9633e88e6a14f2975ee929e"
            },
            "variables": null
          },
          "sensitive_attributes": [],
          "private": "bnVsbA==",
          "dependencies": [
            "aws_api_gateway_integration.lambda_visitor_integration",
            "aws_api_gateway_method.increment_visitors_method",
            "aws_api_gateway_method_response.method_response_200",
            "aws_api_gateway_resource.cors_resource",
            "aws_api_gateway_rest_api.visitorCounter",
            "aws_dynamodb_table.basic-dynamodb-table",
            "aws_iam_role.DynamoDBLambdaRole",
            "aws_lambda_function.DynamoDBVisitorFunction"
          ]
        }
      ]
    },
    {
      "mode": "managed",
      "type": "aws_api_gateway_integration",
      "name": "lambda_visitor_integration",
      "provider": "provider[\"registry.terraform.io/hashicorp/aws\"]",
      "instances": [
        {
          "schema_version": 0,
          "attributes": {
            "cache_key_parameters": [],
            "cache_namespace": "h4xom4",
            "connection_id": "",
            "connection_type": "INTERNET",
            "content_handling": "CONVERT_TO_TEXT",
            "credentials": "",
            "http_method": "GET",
            "id": "agi-efxm8ifikg-h4xom4-GET",
            "integration_http_method": "POST",
            "passthrough_behavior": "WHEN_NO_MATCH",
            "request_parameters": {},
            "request_templates": {},
            "resource_id": "h4xom4",
            "rest_api_id": "efxm8ifikg",
            "timeout_milliseconds": 29000,
            "tls_config": [],
            "type": "AWS",
            "uri": "arn:aws:apigateway:us-east-1:lambda:path/2015-03-31/functions/arn:aws:lambda:us-east-1:008318140939:function:write_item/invocations"
          },
          "sensitive_attributes": [],
          "private": "bnVsbA==",
          "dependencies": [
            "aws_api_gateway_method.increment_visitors_method",
            "aws_api_gateway_resource.cors_resource",
            "aws_api_gateway_rest_api.visitorCounter",
            "aws_dynamodb_table.basic-dynamodb-table",
            "aws_iam_role.DynamoDBLambdaRole",
            "aws_lambda_function.DynamoDBVisitorFunction"
          ]
        }
      ]
    },
    {
      "mode": "managed",
      "type": "aws_api_gateway_integration",
      "name": "options_integration",
      "provider": "provider[\"registry.terraform.io/hashicorp/aws\"]",
      "instances": [
        {
          "schema_version": 0,
          "attributes": {
            "cache_key_parameters": [],
            "cache_namespace": "h4xom4",
            "connection_id": "",
            "connection_type": "INTERNET",
            "content_handling": "",
            "credentials": "",
            "http_method": "OPTIONS",
            "id": "agi-efxm8ifikg-h4xom4-OPTIONS",
            "integration_http_method": "",
            "passthrough_behavior": "WHEN_NO_MATCH",
            "request_parameters": {},
            "request_templates": {
              "application/json": "{\"depends_on\":[{\"api_key_required\":false,\"authorization\":\"NONE\",\"authorization_scopes\":[],\"authorizer_id\":\"\",\"http_method\":\"OPTIONS\",\"id\":\"agm-efxm8ifikg-h4xom4-OPTIONS\",\"operation_name\":\"\",\"request_models\":{},\"request_parameters\":{},\"request_validator_id\":\"\",\"resource_id\":\"h4xom4\",\"rest_api_id\":\"efxm8ifikg\"}],\"statusCode\":200}"
            },
            "resource_id": "h4xom4",
            "rest_api_id": "efxm8ifikg",
            "timeout_milliseconds": 29000,
            "tls_config": [],
            "type": "MOCK",
            "uri": ""
          },
          "sensitive_attributes": [],
          "private": "bnVsbA==",
          "dependencies": [
            "aws_api_gateway_method.options_method",
            "aws_api_gateway_resource.cors_resource",
            "aws_api_gateway_rest_api.visitorCounter"
          ]
        }
      ]
    },
    {
      "mode": "managed",
      "type": "aws_api_gateway_integration_response",
      "name": "VisitorIntegrationResponse",
      "provider": "provider[\"registry.terraform.io/hashicorp/aws\"]",
      "instances": [
        {
          "schema_version": 0,
          "attributes": {
            "content_handling": "",
            "http_method": "GET",
            "id": "agir-efxm8ifikg-h4xom4-GET-200",
            "resource_id": "h4xom4",
            "response_parameters": {
              "method.response.header.Access-Control-Allow-Origin": "'https://www.stephanosant.com'"
            },
            "response_templates": {},
            "rest_api_id": "efxm8ifikg",
            "selection_pattern": "",
            "status_code": "200"
          },
          "sensitive_attributes": [],
          "private": "bnVsbA==",
          "dependencies": [
            "aws_api_gateway_integration.lambda_visitor_integration",
            "aws_api_gateway_method.increment_visitors_method",
            "aws_api_gateway_method_response.method_response_200",
            "aws_api_gateway_resource.cors_resource",
            "aws_api_gateway_rest_api.visitorCounter",
            "aws_dynamodb_table.basic-dynamodb-table",
            "aws_iam_role.DynamoDBLambdaRole",
            "aws_lambda_function.DynamoDBVisitorFunction"
          ]
        }
      ]
    },
    {
      "mode": "managed",
      "type": "aws_api_gateway_integration_response",
      "name": "options_integration_response",
      "provider": "provider[\"registry.terraform.io/hashicorp/aws\"]",
      "instances": [
        {
          "schema_version": 0,
          "attributes": {
            "content_handling": "",
            "http_method": "OPTIONS",
            "id": "agir-efxm8ifikg-h4xom4-OPTIONS-200",
            "resource_id": "h4xom4",
            "response_parameters": {
              "method.response.header.Access-Control-Allow-Headers": "'Content-Type,X-Amz-Date,Authorization,X-Api-Key,X-Amz-Security-Token'",
              "method.response.header.Access-Control-Allow-Methods": "'GET,OPTIONS'",
              "method.response.header.Access-Control-Allow-Origin": "'https://www.stephanosant.com/'"
            },
            "response_templates": {},
            "rest_api_id": "efxm8ifikg",
            "selection_pattern": "",
            "status_code": "200"
          },
          "sensitive_attributes": [],
          "private": "bnVsbA==",
          "dependencies": [
            "aws_api_gateway_method.options_method",
            "aws_api_gateway_method_response.options_200",
            "aws_api_gateway_resource.cors_resource",
            "aws_api_gateway_rest_api.visitorCounter"
          ]
        }
      ]
    },
    {
      "mode": "managed",
      "type": "aws_api_gateway_method",
      "name": "increment_visitors_method",
      "provider": "provider[\"registry.terraform.io/hashicorp/aws\"]",
      "instances": [
        {
          "schema_version": 0,
          "attributes": {
            "api_key_required": false,
            "authorization": "NONE",
            "authorization_scopes": [],
            "authorizer_id": "",
            "http_method": "GET",
            "id": "agm-efxm8ifikg-h4xom4-GET",
            "operation_name": "",
            "request_models": {},
            "request_parameters": {},
            "request_validator_id": "",
            "resource_id": "h4xom4",
            "rest_api_id": "efxm8ifikg"
          },
          "sensitive_attributes": [],
          "private": "bnVsbA==",
          "dependencies": [
            "aws_api_gateway_resource.cors_resource",
            "aws_api_gateway_rest_api.visitorCounter"
          ]
        }
      ]
    },
    {
      "mode": "managed",
      "type": "aws_api_gateway_method",
      "name": "options_method",
      "provider": "provider[\"registry.terraform.io/hashicorp/aws\"]",
      "instances": [
        {
          "schema_version": 0,
          "attributes": {
            "api_key_required": false,
            "authorization": "NONE",
            "authorization_scopes": [],
            "authorizer_id": "",
            "http_method": "OPTIONS",
            "id": "agm-efxm8ifikg-h4xom4-OPTIONS",
            "operation_name": "",
            "request_models": {},
            "request_parameters": {},
            "request_validator_id": "",
            "resource_id": "h4xom4",
            "rest_api_id": "efxm8ifikg"
          },
          "sensitive_attributes": [],
          "private": "bnVsbA==",
          "dependencies": [
            "aws_api_gateway_resource.cors_resource",
            "aws_api_gateway_rest_api.visitorCounter"
          ]
        }
      ]
    },
    {
      "mode": "managed",
      "type": "aws_api_gateway_method_response",
      "name": "method_response_200",
      "provider": "provider[\"registry.terraform.io/hashicorp/aws\"]",
      "instances": [
        {
          "schema_version": 0,
          "attributes": {
            "http_method": "GET",
            "id": "agmr-efxm8ifikg-h4xom4-GET-200",
            "resource_id": "h4xom4",
            "response_models": {},
            "response_parameters": {
              "method.response.header.Access-Control-Allow-Origin": false
            },
            "rest_api_id": "efxm8ifikg",
            "status_code": "200"
          },
          "sensitive_attributes": [],
          "private": "bnVsbA==",
          "dependencies": [
            "aws_api_gateway_method.increment_visitors_method",
            "aws_api_gateway_resource.cors_resource",
            "aws_api_gateway_rest_api.visitorCounter"
          ]
        }
      ]
    },
    {
      "mode": "managed",
      "type": "aws_api_gateway_method_response",
      "name": "options_200",
      "provider": "provider[\"registry.terraform.io/hashicorp/aws\"]",
      "instances": [
        {
          "schema_version": 0,
          "attributes": {
            "http_method": "OPTIONS",
            "id": "agmr-efxm8ifikg-h4xom4-OPTIONS-200",
            "resource_id": "h4xom4",
            "response_models": {
              "application/json": "Empty"
            },
            "response_parameters": {
              "method.response.header.Access-Control-Allow-Headers": false,
              "method.response.header.Access-Control-Allow-Methods": false,
              "method.response.header.Access-Control-Allow-Origin": false
            },
            "rest_api_id": "efxm8ifikg",
            "status_code": "200"
          },
          "sensitive_attributes": [],
          "private": "bnVsbA==",
          "dependencies": [
            "aws_api_gateway_method.options_method",
            "aws_api_gateway_resource.cors_resource",
            "aws_api_gateway_rest_api.visitorCounter"
          ]
        }
      ]
    },
    {
      "mode": "managed",
      "type": "aws_api_gateway_resource",
      "name": "cors_resource",
      "provider": "provider[\"registry.terraform.io/hashicorp/aws\"]",
      "instances": [
        {
          "schema_version": 0,
          "attributes": {
            "id": "h4xom4",
            "parent_id": "pkso22kla4",
            "path": "/resources",
            "path_part": "resources",
            "rest_api_id": "efxm8ifikg"
          },
          "sensitive_attributes": [],
          "private": "bnVsbA==",
          "dependencies": [
            "aws_api_gateway_rest_api.visitorCounter"
          ]
        }
      ]
    },
    {
      "mode": "managed",
      "type": "aws_api_gateway_rest_api",
      "name": "visitorCounter",
      "provider": "provider[\"registry.terraform.io/hashicorp/aws\"]",
      "instances": [
        {
          "schema_version": 0,
          "attributes": {
            "api_key_source": "HEADER",
            "arn": "arn:aws:apigateway:us-east-1::/restapis/efxm8ifikg",
            "binary_media_types": [],
            "body": null,
            "created_date": "2024-02-27T20:11:39Z",
            "description": "",
            "disable_execute_api_endpoint": false,
            "endpoint_configuration": [
              {
                "types": [
                  "REGIONAL"
                ],
                "vpc_endpoint_ids": []
              }
            ],
            "execution_arn": "arn:aws:execute-api:us-east-1:008318140939:efxm8ifikg",
            "fail_on_warnings": null,
            "id": "efxm8ifikg",
            "minimum_compression_size": "",
            "name": "visitorCounter",
            "parameters": null,
            "policy": "",
            "put_rest_api_mode": null,
            "root_resource_id": "pkso22kla4",
            "tags": {},
            "tags_all": {}
          },
          "sensitive_attributes": [],
          "private": "bnVsbA=="
        }
      ]
    },
    {
      "mode": "managed",
      "type": "aws_api_gateway_stage",
      "name": "api_stage",
      "provider": "provider[\"registry.terraform.io/hashicorp/aws\"]",
      "instances": [
        {
          "schema_version": 0,
          "attributes": {
            "access_log_settings": [],
            "arn": "arn:aws:apigateway:us-east-1::/restapis/efxm8ifikg/stages/default",
            "cache_cluster_enabled": false,
            "cache_cluster_size": "0.5",
            "canary_settings": [],
            "client_certificate_id": "",
            "deployment_id": "3w7bl6",
            "description": "",
            "documentation_version": "",
            "execution_arn": "arn:aws:execute-api:us-east-1:008318140939:efxm8ifikg/default",
            "id": "ags-efxm8ifikg-default",
            "invoke_url": "https://efxm8ifikg.execute-api.us-east-1.amazonaws.com/default",
            "rest_api_id": "efxm8ifikg",
            "stage_name": "default",
            "tags": {},
            "tags_all": {},
            "variables": {},
            "web_acl_arn": "",
            "xray_tracing_enabled": false
          },
          "sensitive_attributes": [],
          "private": "bnVsbA==",
          "dependencies": [
            "aws_api_gateway_deployment.visitor_api_deployment",
            "aws_api_gateway_integration.lambda_visitor_integration",
            "aws_api_gateway_method.increment_visitors_method",
            "aws_api_gateway_method_response.method_response_200",
            "aws_api_gateway_resource.cors_resource",
            "aws_api_gateway_rest_api.visitorCounter",
            "aws_dynamodb_table.basic-dynamodb-table",
            "aws_iam_role.DynamoDBLambdaRole",
            "aws_lambda_function.DynamoDBVisitorFunction"
          ]
        }
      ]
    },
    {
      "mode": "managed",
      "type": "aws_api_gateway_usage_plan",
      "name": "incrementVisitor-UsagePlan",
      "provider": "provider[\"registry.terraform.io/hashicorp/aws\"]",
      "instances": [
        {
          "schema_version": 0,
          "attributes": {
            "api_stages": [
              {
                "api_id": "efxm8ifikg",
                "stage": "default",
                "throttle": []
              }
            ],
            "arn": "arn:aws:apigateway:us-east-1::/usageplans/qrea97",
            "description": "",
            "id": "qrea97",
            "name": "visitorCount_usage_plan",
            "product_code": "",
            "quota_settings": [],
            "tags": {},
            "tags_all": {},
            "throttle_settings": []
          },
          "sensitive_attributes": [],
          "private": "bnVsbA==",
          "dependencies": [
            "aws_api_gateway_deployment.visitor_api_deployment",
            "aws_api_gateway_integration.lambda_visitor_integration",
            "aws_api_gateway_method.increment_visitors_method",
            "aws_api_gateway_method_response.method_response_200",
            "aws_api_gateway_resource.cors_resource",
            "aws_api_gateway_rest_api.visitorCounter",
            "aws_api_gateway_stage.api_stage",
            "aws_dynamodb_table.basic-dynamodb-table",
            "aws_iam_role.DynamoDBLambdaRole",
            "aws_lambda_function.DynamoDBVisitorFunction"
          ]
        }
      ]
    },
    {
      "mode": "managed",
      "type": "aws_cloudfront_cache_policy",
      "name": "cdncache1",
      "provider": "provider[\"registry.terraform.io/hashicorp/aws\"]",
      "instances": [
        {
          "schema_version": 0,
          "attributes": {
            "comment": "Policy for Elemental MediaPackage Origin",
            "default_ttl": 86400,
            "etag": "E23ZP02F085DFQ",
            "id": "2574d8b8-4405-4e8e-a107-7602f597ce25",
            "max_ttl": 31536000,
            "min_ttl": 0,
            "name": "Elemental-MediaPackage",
            "parameters_in_cache_key_and_forwarded_to_origin": [
              {
                "cookies_config": [
                  {
                    "cookie_behavior": "none",
                    "cookies": []
                  }
                ],
                "enable_accept_encoding_brotli": false,
                "enable_accept_encoding_gzip": true,
                "headers_config": [
                  {
                    "header_behavior": "whitelist",
                    "headers": [
                      {
                        "items": [
                          "origin"
                        ]
                      }
                    ]
                  }
                ],
                "query_strings_config": [
                  {
                    "query_string_behavior": "whitelist",
                    "query_strings": [
                      {
                        "items": [
                          "aws.manifestfilter",
                          "end",
                          "m",
                          "start"
                        ]
                      }
                    ]
                  }
                ]
              }
            ]
          },
          "sensitive_attributes": [],
          "private": "bnVsbA=="
        }
      ]
    },
    {
      "mode": "managed",
      "type": "aws_cloudfront_cache_policy",
      "name": "cdncache2",
      "provider": "provider[\"registry.terraform.io/hashicorp/aws\"]",
      "instances": [
        {
          "schema_version": 0,
          "attributes": {
            "comment": "Policy for Amplify Origin",
            "default_ttl": 2,
            "etag": "E23ZP02F085DFQ",
            "id": "8fa6e702-35cb-423e-9723-3b33634df6c6",
            "max_ttl": 600,
            "min_ttl": 2,
            "name": "Amplify",
            "parameters_in_cache_key_and_forwarded_to_origin": [
              {
                "cookies_config": [
                  {
                    "cookie_behavior": "all",
                    "cookies": []
                  }
                ],
                "enable_accept_encoding_brotli": true,
                "enable_accept_encoding_gzip": true,
                "headers_config": [
                  {
                    "header_behavior": "whitelist",
                    "headers": [
                      {
                        "items": [
                          "Authorization",
                          "CloudFront-Viewer-Country",
                          "Host"
                        ]
                      }
                    ]
                  }
                ],
                "query_strings_config": [
                  {
                    "query_string_behavior": "all",
                    "query_strings": []
                  }
                ]
              }
            ]
          },
          "sensitive_attributes": [],
          "private": "bnVsbA=="
        }
      ]
    },
    {
      "mode": "managed",
      "type": "aws_cloudfront_cache_policy",
      "name": "cdncache4",
      "provider": "provider[\"registry.terraform.io/hashicorp/aws\"]",
      "instances": [
        {
          "schema_version": 0,
          "attributes": {
            "comment": "Policy with caching enabled. Supports Gzip and Brotli compression.",
            "default_ttl": 86400,
            "etag": "E23ZP02F085DFQ",
            "id": "9310e31e-3c77-4f34-971d-4918861e05bd",
            "max_ttl": 31536000,
            "min_ttl": 1,
            "name": "CachingOptimized",
            "parameters_in_cache_key_and_forwarded_to_origin": [
              {
                "cookies_config": [
                  {
                    "cookie_behavior": "none",
                    "cookies": []
                  }
                ],
                "enable_accept_encoding_brotli": true,
                "enable_accept_encoding_gzip": true,
                "headers_config": [
                  {
                    "header_behavior": "none",
                    "headers": []
                  }
                ],
                "query_strings_config": [
                  {
                    "query_string_behavior": "none",
                    "query_strings": []
                  }
                ]
              }
            ]
          },
          "sensitive_attributes": [],
          "private": "bnVsbA=="
        }
      ]
    },
    {
      "mode": "managed",
      "type": "aws_cloudfront_cache_policy",
      "name": "cdncache5",
      "provider": "provider[\"registry.terraform.io/hashicorp/aws\"]",
      "instances": [
        {
          "schema_version": 0,
          "attributes": {
            "comment": "Default policy when compression is disabled",
            "default_ttl": 86400,
            "etag": "E23ZP02F085DFQ",
            "id": "51a6d1fc-c88a-4037-ad81-e3ad762f368e",
            "max_ttl": 31536000,
            "min_ttl": 1,
            "name": "CachingOptimizedForUncompressedObjects",
            "parameters_in_cache_key_and_forwarded_to_origin": [
              {
                "cookies_config": [
                  {
                    "cookie_behavior": "none",
                    "cookies": []
                  }
                ],
                "enable_accept_encoding_brotli": false,
                "enable_accept_encoding_gzip": false,
                "headers_config": [
                  {
                    "header_behavior": "none",
                    "headers": []
                  }
                ],
                "query_strings_config": [
                  {
                    "query_string_behavior": "none",
                    "query_strings": []
                  }
                ]
              }
            ]
          },
          "sensitive_attributes": [],
          "private": "bnVsbA=="
        }
      ]
    },
    {
      "mode": "managed",
      "type": "aws_cloudfront_cache_policy",
      "name": "cdncahce3",
      "provider": "provider[\"registry.terraform.io/hashicorp/aws\"]",
      "instances": [
        {
          "schema_version": 0,
          "attributes": {
            "comment": "Policy with caching disabled",
            "default_ttl": 0,
            "etag": "E23ZP02F085DFQ",
            "id": "a0b567a7-d09c-415d-aee6-8155e2c29008",
            "max_ttl": 0,
            "min_ttl": 0,
            "name": "CachingDisabled",
            "parameters_in_cache_key_and_forwarded_to_origin": [
              {
                "cookies_config": [
                  {
                    "cookie_behavior": "none",
                    "cookies": []
                  }
                ],
                "enable_accept_encoding_brotli": false,
                "enable_accept_encoding_gzip": false,
                "headers_config": [
                  {
                    "header_behavior": "none",
                    "headers": []
                  }
                ],
                "query_strings_config": [
                  {
                    "query_string_behavior": "none",
                    "query_strings": []
                  }
                ]
              }
            ]
          },
          "sensitive_attributes": [],
          "private": "bnVsbA=="
        }
      ]
    },
    {
      "mode": "managed",
      "type": "aws_dynamodb_table",
      "name": "basic-dynamodb-table",
      "provider": "provider[\"registry.terraform.io/hashicorp/aws\"]",
      "instances": [
        {
          "schema_version": 1,
          "attributes": {
            "arn": "arn:aws:dynamodb:us-east-1:008318140939:table/Visitors",
            "attribute": [
              {
                "name": "Count",
                "type": "N"
              },
              {
                "name": "id",
                "type": "S"
              }
            ],
            "billing_mode": "PROVISIONED",
            "deletion_protection_enabled": false,
            "global_secondary_index": [
              {
                "hash_key": "Count",
                "name": "Count-index",
                "non_key_attributes": [],
                "projection_type": "ALL",
                "range_key": "",
                "read_capacity": 5,
                "write_capacity": 5
              }
            ],
            "hash_key": "id",
            "id": "Visitors",
            "import_table": [],
            "local_secondary_index": [],
            "name": "Visitors",
            "point_in_time_recovery": [
              {
                "enabled": false
              }
            ],
            "range_key": null,
            "read_capacity": 1,
            "replica": [],
            "restore_date_time": null,
            "restore_source_name": null,
            "restore_to_latest_time": null,
            "server_side_encryption": [],
            "stream_arn": "",
            "stream_enabled": false,
            "stream_label": "",
            "stream_view_type": "",
            "table_class": "STANDARD",
            "tags": {},
            "tags_all": {},
            "timeouts": null,
            "ttl": [
              {
                "attribute_name": "",
                "enabled": false
              }
            ],
            "write_capacity": 1
          },
          "sensitive_attributes": [],
          "private": "eyJlMmJmYjczMC1lY2FhLTExZTYtOGY4OC0zNDM2M2JjN2M0YzAiOnsiY3JlYXRlIjoxODAwMDAwMDAwMDAwLCJkZWxldGUiOjYwMDAwMDAwMDAwMCwidXBkYXRlIjozNjAwMDAwMDAwMDAwfSwic2NoZW1hX3ZlcnNpb24iOiIxIn0="
        }
      ]
    },
    {
      "mode": "managed",
      "type": "aws_iam_policy",
      "name": "DynamoDBLambdaPolicy",
      "provider": "provider[\"registry.terraform.io/hashicorp/aws\"]",
      "instances": [
        {
          "schema_version": 0,
          "attributes": {
            "arn": "arn:aws:iam::008318140939:policy/DynamoDBLambdaPolicy",
            "description": "IAM policy for DynamoDB lambda functions",
            "id": "arn:aws:iam::008318140939:policy/DynamoDBLambdaPolicy",
            "name": "DynamoDBLambdaPolicy",
            "name_prefix": "",
            "path": "/",
            "policy": "{\"Statement\":[{\"Action\":[\"logs:CreateLogGroup\",\"logs:CreateLogStream\",\"logs:DescribeLogGroups\",\"logs:DescribeLogStreams\",\"logs:PutLogEvents\",\"logs:GetLogEvents\",\"logs:FilterLogEvents\"],\"Effect\":\"Allow\",\"Resource\":\"arn:aws:logs:*:*:*\"},{\"Action\":[\"dynamodb:DeleteItem\",\"dynamodb:GetItem\",\"dynamodb:PutItem\",\"dynamodb:Scan\",\"dynamodb:UpdateItem\"],\"Effect\":\"Allow\",\"Resource\":\"arn:aws:dynamodb:*:*:*\"}],\"Version\":\"2012-10-17\"}",
            "policy_id": "ANPAQD36MYIFQMD3SCNW3",
            "tags": {},
            "tags_all": {}
          },
          "sensitive_attributes": [],
          "private": "bnVsbA==",
          "dependencies": [
            "data.template_file.dynamoDBlambdapolicy"
          ]
        }
      ]
    },
    {
      "mode": "managed",
      "type": "aws_iam_role",
      "name": "DynamoDBLambdaRole",
      "provider": "provider[\"registry.terraform.io/hashicorp/aws\"]",
      "instances": [
        {
          "schema_version": 0,
          "attributes": {
            "arn": "arn:aws:iam::008318140939:role/DynamoDBLambdaRole",
            "assume_role_policy": "{\"Statement\":[{\"Action\":\"sts:AssumeRole\",\"Effect\":\"Allow\",\"Principal\":{\"Service\":\"lambda.amazonaws.com\"},\"Sid\":\"\"}],\"Version\":\"2012-10-17\"}",
            "create_date": "2024-02-27T20:11:39Z",
            "description": "",
            "force_detach_policies": false,
            "id": "DynamoDBLambdaRole",
            "inline_policy": [],
            "managed_policy_arns": [
              "arn:aws:iam::008318140939:policy/DynamoDBLambdaPolicy"
            ],
            "max_session_duration": 3600,
            "name": "DynamoDBLambdaRole",
            "name_prefix": "",
            "path": "/",
            "permissions_boundary": "",
            "tags": {},
            "tags_all": {},
            "unique_id": "AROAQD36MYIF7A5HYKYBO"
          },
          "sensitive_attributes": [],
          "private": "bnVsbA=="
        }
      ]
    },
    {
      "mode": "managed",
      "type": "aws_iam_role_policy_attachment",
      "name": "DynamoDBLambdaRolePolicy",
      "provider": "provider[\"registry.terraform.io/hashicorp/aws\"]",
      "instances": [
        {
          "schema_version": 0,
          "attributes": {
            "id": "DynamoDBLambdaRole-20240227201140207800000003",
            "policy_arn": "arn:aws:iam::008318140939:policy/DynamoDBLambdaPolicy",
            "role": "DynamoDBLambdaRole"
          },
          "sensitive_attributes": [],
          "private": "bnVsbA==",
          "dependencies": [
            "aws_iam_policy.DynamoDBLambdaPolicy",
            "aws_iam_role.DynamoDBLambdaRole",
            "data.template_file.dynamoDBlambdapolicy"
          ]
        }
      ]
    },
    {
      "mode": "managed",
      "type": "aws_lambda_function",
      "name": "DynamoDBVisitorFunction",
      "provider": "provider[\"registry.terraform.io/hashicorp/aws\"]",
      "instances": [
        {
          "schema_version": 0,
          "attributes": {
            "architectures": [
              "x86_64"
            ],
            "arn": "arn:aws:lambda:us-east-1:008318140939:function:write_item",
            "code_signing_config_arn": "",
            "dead_letter_config": [],
            "description": "",
            "environment": [
              {
                "variables": {
                  "TABLE_NAME": "Visitors"
                }
              }
            ],
            "ephemeral_storage": [
              {
                "size": 512
              }
            ],
            "file_system_config": [],
            "filename": "C:/Users/ssantos/OneDrive - Fontainebleau Development LLC/Desktop/Projects/Terraform testing/Write_item-3d96afa4-a01a-4f22-b5a8-345778ceb9d5.zip",
            "function_name": "write_item",
            "handler": "lambda_function.lambda_handler",
            "id": "write_item",
            "image_config": [],
            "image_uri": "",
            "invoke_arn": "arn:aws:apigateway:us-east-1:lambda:path/2015-03-31/functions/arn:aws:lambda:us-east-1:008318140939:function:write_item/invocations",
            "kms_key_arn": "",
            "last_modified": "2024-02-27T20:12:09.448+0000",
            "layers": [],
            "logging_config": [
              {
                "application_log_level": "",
                "log_format": "Text",
                "log_group": "/aws/lambda/write_item",
                "system_log_level": ""
              }
            ],
            "memory_size": 128,
            "package_type": "Zip",
            "publish": false,
            "qualified_arn": "arn:aws:lambda:us-east-1:008318140939:function:write_item:$LATEST",
            "qualified_invoke_arn": "arn:aws:apigateway:us-east-1:lambda:path/2015-03-31/functions/arn:aws:lambda:us-east-1:008318140939:function:write_item:$LATEST/invocations",
            "replace_security_groups_on_destroy": null,
            "replacement_security_group_ids": null,
            "reserved_concurrent_executions": -1,
            "role": "arn:aws:iam::008318140939:role/DynamoDBLambdaRole",
            "runtime": "python3.12",
            "s3_bucket": null,
            "s3_key": null,
            "s3_object_version": null,
            "signing_job_arn": "",
            "signing_profile_version_arn": "",
            "skip_destroy": false,
            "snap_start": [],
            "source_code_hash": "3jE5G1zf8NryjkvgxlI30JxUzWllAkx8csbcvJ61zAU=",
            "source_code_size": 735,
            "tags": {},
            "tags_all": {},
            "timeout": 3,
            "timeouts": null,
            "tracing_config": [
              {
                "mode": "PassThrough"
              }
            ],
            "version": "$LATEST",
            "vpc_config": []
          },
          "sensitive_attributes": [],
          "private": "eyJlMmJmYjczMC1lY2FhLTExZTYtOGY4OC0zNDM2M2JjN2M0YzAiOnsiY3JlYXRlIjo2MDAwMDAwMDAwMDAsImRlbGV0ZSI6NjAwMDAwMDAwMDAwLCJ1cGRhdGUiOjYwMDAwMDAwMDAwMH19",
          "dependencies": [
            "aws_dynamodb_table.basic-dynamodb-table",
            "aws_iam_role.DynamoDBLambdaRole"
          ]
        }
      ]
    },
    {
      "mode": "managed",
      "type": "aws_lambda_permission",
      "name": "apigw-visitCounter",
      "provider": "provider[\"registry.terraform.io/hashicorp/aws\"]",
      "instances": [
        {
          "schema_version": 0,
          "attributes": {
            "action": "lambda:InvokeFunction",
            "event_source_token": null,
            "function_name": "write_item",
            "function_url_auth_type": null,
            "id": "terraform-20240227201209244000000004",
            "principal": "apigateway.amazonaws.com",
            "principal_org_id": null,
            "qualifier": "",
            "source_account": null,
            "source_arn": "arn:aws:execute-api:us-east-1:008318140939:efxm8ifikg/*",
            "statement_id": "terraform-20240227201209244000000004",
            "statement_id_prefix": "terraform-"
          },
          "sensitive_attributes": [],
          "private": "bnVsbA==",
          "dependencies": [
            "aws_api_gateway_rest_api.visitorCounter",
            "aws_dynamodb_table.basic-dynamodb-table",
            "aws_iam_role.DynamoDBLambdaRole",
            "aws_lambda_function.DynamoDBVisitorFunction"
          ]
        }
      ]
    },
    {
      "mode": "managed",
      "type": "aws_route53_record",
      "name": "acm_validation",
      "provider": "provider[\"registry.terraform.io/hashicorp/aws\"]",
      "instances": [
        {
          "schema_version": 2,
          "attributes": {
            "alias": [],
            "allow_overwrite": null,
            "cidr_routing_policy": [],
            "failover_routing_policy": [],
            "fqdn": "_44093e1c5638b2967449a14bebdee226.stephanosant.com",
            "geolocation_routing_policy": [],
            "health_check_id": "",
            "id": "Z0502875PM8L768T9CPN__44093e1c5638b2967449a14bebdee226.stephanosant.com_CNAME",
            "latency_routing_policy": [],
            "multivalue_answer_routing_policy": false,
            "name": "_44093e1c5638b2967449a14bebdee226.stephanosant.com",
            "records": [
              "_dde56ff69dae1d261e61c787196a75ea.mhbtsbpdnt.acm-validations.aws."
            ],
            "set_identifier": "",
            "ttl": 300,
            "type": "CNAME",
            "weighted_routing_policy": [],
            "zone_id": "Z0502875PM8L768T9CPN"
          },
          "sensitive_attributes": [],
          "private": "eyJzY2hlbWFfdmVyc2lvbiI6IjIifQ==",
          "dependencies": [
            "aws_route53_zone.primary"
          ]
        }
      ]
    },
    {
      "mode": "managed",
      "type": "aws_route53_zone",
      "name": "primary",
      "provider": "provider[\"registry.terraform.io/hashicorp/aws\"]",
      "instances": [
        {
          "schema_version": 0,
          "attributes": {
            "arn": "arn:aws:route53:::hostedzone/Z0502875PM8L768T9CPN",
            "comment": "Managed by Terraform",
            "delegation_set_id": "",
            "force_destroy": false,
            "id": "Z0502875PM8L768T9CPN",
            "name": "stephanosant.com",
            "name_servers": [
              "ns-1229.awsdns-25.org",
              "ns-2017.awsdns-60.co.uk",
              "ns-30.awsdns-03.com",
              "ns-803.awsdns-36.net"
            ],
            "primary_name_server": "ns-30.awsdns-03.com",
            "tags": {},
            "tags_all": {},
            "vpc": [],
            "zone_id": "Z0502875PM8L768T9CPN"
          },
          "sensitive_attributes": [],
          "private": "bnVsbA=="
        }
      ]
    }
  ],
  "check_results": null
}
